
Microsoft Visual Studio Solution File, Format Version 12.00
# Visual Studio Version 17
VisualStudioVersion = 17.0.32014.148
MinimumVisualStudioVersion = 10.0.40219.1
Project("{8BC9CEB8-8B4A-11D0-8D11-00A0C91BC942}") = "TowerBifurcation", "TowerBifurcation2\TowerBifurcation2.vcxproj", "{14E7B3B3-04FE-471F-8C42-48EE5796C0A7}"
EndProject
Project("{8BC9CEB8-8B4A-11D0-8D11-00A0C91BC942}") = "TowerConvergence", "TowerConvergence\TowerConvergence.vcxproj", "{27F1DA66-41EC-4D78-86C9-EA4A22D02916}"
EndProject
Project("{8BC9CEB8-8B4A-11D0-8D11-00A0C91BC942}") = "TowerSequenceVisualiser", "TowerSequenceVisualiser\TowerSequenceVisualiser.vcxproj", "{044C7EA5-602F-4AAB-BE22-8582353D61AA}"
EndProject
Global
	GlobalSection(SolutionConfigurationPlatforms) = preSolution
		Debug|x64 = Debug|x64
		Debug|x86 = Debug|x86
		Release|x64 = Release|x64
		Release|x86 = Release|x86
	EndGlobalSection
	GlobalSection(ProjectConfigurationPlatforms) = postSolution
		{14E7B3B3-04FE-471F-8C42-48EE5796C0A7}.Debug|x64.ActiveCfg = Debug|x64
		{14E7B3B3-04FE-471F-8C42-48EE5796C0A7}.Debug|x64.Build.0 = Debug|x64
		{14E7B3B3-04FE-471F-8C42-48EE5796C0A7}.Debug|x86.ActiveCfg = Debug|Win32
		{14E7B3B3-04FE-471F-8C42-48EE5796C0A7}.Debug|x86.Build.0 = Debug|Win32
		{14E7B3B3-04FE-471F-8C42-48EE5796C0A7}.Release|x64.ActiveCfg = Release|x64
		{14E7B3B3-04FE-471F-8C42-48EE5796C0A7}.Release|x64.Build.0 = Release|x64
		{14E7B3B3-04FE-471F-8C42-48EE5796C0A7}.Release|x86.ActiveCfg = Release|Win32
		{14E7B3B3-04FE-471F-8C42-48EE5796C0A7}.Release|x86.Build.0 = Release|Win32
		{27F1DA66-41EC-4D78-86C9-EA4A22D02916}.Debug|x64.ActiveCfg = Debug|x64
		{27F1DA66-41EC-4D78-86C9-EA4A22D02916}.Debug|x64.Build.0 = Debug|x64
		{27F1DA66-41EC-4D78-86C9-EA4A22D02916}.Debug|x86.ActiveCfg = Debug|Win32
		{27F1DA66-41EC-4D78-86C9-EA4A22D02916}.Debug|x86.Build.0 = Debug|Win32
		{27F1DA66-41EC-4D78-86C9-EA4A22D02916}.Release|x64.ActiveCfg = Release|x64
		{27F1DA66-41EC-4D78-86C9-EA4A22D02916}.Release|x64.Build.0 = Release|x64
		{27F1DA66-41EC-4D78-86C9-EA4A22D02916}.Release|x86.ActiveCfg = Release|Win32
		{27F1DA66-41EC-4D78-86C9-EA4A22D02916}.Release|x86.Build.0 = Release|Win32
		{044C7EA5-602F-4AAB-BE22-8582353D61AA}.Debug|x64.ActiveCfg = Debug|x64
		{044C7EA5-602F-4AAB-BE22-8582353D61AA}.Debug|x64.Build.0 = Debug|x64
		{044C7EA5-602F-4AAB-BE22-8582353D61AA}.Debug|x86.ActiveCfg = Debug|Win32
		{044C7EA5-602F-4AAB-BE22-8582353D61AA}.Debug|x86.Build.0 = Debug|Win32
		{044C7EA5-602F-4AAB-BE22-8582353D61AA}.Release|x64.ActiveCfg = Release|x64
		{044C7EA5-602F-4AAB-BE22-8582353D61AA}.Release|x64.Build.0 = Release|x64
		{044C7EA5-602F-4AAB-BE22-8582353D61AA}.Release|x86.ActiveCfg = Release|Win32
		{044C7EA5-602F-4AAB-BE22-8582353D61AA}.Release|x86.Build.0 = Release|Win32
	EndGlobalSection
	GlobalSection(SolutionProperties) = preSolution
		HideSolutionNode = FALSE
	EndGlobalSection
	GlobalSection(ExtensibilityGlobals) = postSolution
		SolutionGuid = {E95298A0-3BE0-49A2-9A45-E4416EC89073}
	EndGlobalSection
EndGlobal
